
Microsoft Visual Studio Solution File, Format Version 11.00
# Visual Studio 2010
Project("{FAE04EC0-301F-11D3-BF4B-00C04F79EFBC}") = "mbasic", "mbasic\mbasic.csproj", "{3CA4DBDE-9A36-4275-AF39-A6EEFFB5589D}"
EndProject
Project("{FAE04EC0-301F-11D3-BF4B-00C04F79EFBC}") = "TiBasicRuntime", "TiBasicRuntime\TiBasicRuntime.csproj", "{3EF3FB61-5A24-4268-90EC-8FF9101CEF7D}"
EndProject
Global
	GlobalSection(SolutionConfigurationPlatforms) = preSolution
		Debug|Any CPU = Debug|Any CPU
		Release|Any CPU = Release|Any CPU
	EndGlobalSection
	GlobalSection(ProjectConfigurationPlatforms) = postSolution
		{3CA4DBDE-9A36-4275-AF39-A6EEFFB5589D}.Debug|Any CPU.ActiveCfg = Debug|Any CPU
		{3CA4DBDE-9A36-4275-AF39-A6EEFFB5589D}.Debug|Any CPU.Build.0 = Debug|Any CPU
		{3CA4DBDE-9A36-4275-AF39-A6EEFFB5589D}.Release|Any CPU.ActiveCfg = Release|Any CPU
		{3CA4DBDE-9A36-4275-AF39-A6EEFFB5589D}.Release|Any CPU.Build.0 = Release|Any CPU
		{3EF3FB61-5A24-4268-90EC-8FF9101CEF7D}.Debug|Any CPU.ActiveCfg = Debug|Any CPU
		{3EF3FB61-5A24-4268-90EC-8FF9101CEF7D}.Debug|Any CPU.Build.0 = Debug|Any CPU
		{3EF3FB61-5A24-4268-90EC-8FF9101CEF7D}.Release|Any CPU.ActiveCfg = Release|Any CPU
		{3EF3FB61-5A24-4268-90EC-8FF9101CEF7D}.Release|Any CPU.Build.0 = Release|Any CPU
	EndGlobalSection
	GlobalSection(MonoDevelopProperties) = preSolution
		StartupItem = mbasic\mbasic.csproj
	EndGlobalSection
	GlobalSection(SolutionProperties) = preSolution
		HideSolutionNode = FALSE
	EndGlobalSection
EndGlobal
